// !$*UTF8*$!
{
	archiveVersion = 1;
	classes = {
	};
	objectVersion = 50;
	objects = {

/* Begin PBXBuildFile section */
		3E14BDD4A2316BB23B8B50AE /* Pods_Recipe_Book_Angel.framework in Frameworks */ = {isa = PBXBuildFile; fileRef = DA83327A252E5D6C24D7EFDE /* Pods_Recipe_Book_Angel.framework */; };
		AC286F8C251E6FBC007D18EA /* AppDelegate.swift in Sources */ = {isa = PBXBuildFile; fileRef = AC286F8B251E6FBC007D18EA /* AppDelegate.swift */; };
		AC286F8E251E6FBC007D18EA /* SceneDelegate.swift in Sources */ = {isa = PBXBuildFile; fileRef = AC286F8D251E6FBC007D18EA /* SceneDelegate.swift */; };
		AC286F90251E6FBC007D18EA /* ViewController.swift in Sources */ = {isa = PBXBuildFile; fileRef = AC286F8F251E6FBC007D18EA /* ViewController.swift */; };
		AC286F93251E6FBC007D18EA /* Main.storyboard in Resources */ = {isa = PBXBuildFile; fileRef = AC286F91251E6FBC007D18EA /* Main.storyboard */; };
		AC286F95251E6FBD007D18EA /* Assets.xcassets in Resources */ = {isa = PBXBuildFile; fileRef = AC286F94251E6FBD007D18EA /* Assets.xcassets */; };
		AC286F98251E6FBD007D18EA /* LaunchScreen.storyboard in Resources */ = {isa = PBXBuildFile; fileRef = AC286F96251E6FBD007D18EA /* LaunchScreen.storyboard */; };
		AC286FA6251E7069007D18EA /* Model.swift in Sources */ = {isa = PBXBuildFile; fileRef = AC286FA5251E7069007D18EA /* Model.swift */; };
		AC286FA9251E7262007D18EA /* RecipesManager.swift in Sources */ = {isa = PBXBuildFile; fileRef = AC286FA8251E7262007D18EA /* RecipesManager.swift */; };
		AC286FB8251EA033007D18EA /* CategTableViewController.swift in Sources */ = {isa = PBXBuildFile; fileRef = AC286FB7251EA033007D18EA /* CategTableViewController.swift */; };
		AC286FBB251EA08C007D18EA /* FavTableViewController.swift in Sources */ = {isa = PBXBuildFile; fileRef = AC286FBA251EA08C007D18EA /* FavTableViewController.swift */; };
		AC286FBE251EA0A7007D18EA /* SearchTableViewController.swift in Sources */ = {isa = PBXBuildFile; fileRef = AC286FBD251EA0A7007D18EA /* SearchTableViewController.swift */; };
		AC286FC1251EA0B3007D18EA /* ShopTableViewController.swift in Sources */ = {isa = PBXBuildFile; fileRef = AC286FC0251EA0B3007D18EA /* ShopTableViewController.swift */; };
		AC286FC4251EA225007D18EA /* TabBarController.swift in Sources */ = {isa = PBXBuildFile; fileRef = AC286FC3251EA225007D18EA /* TabBarController.swift */; };
		AC286FCB251EA323007D18EA /* CatNavigationController.swift in Sources */ = {isa = PBXBuildFile; fileRef = AC286FCA251EA323007D18EA /* CatNavigationController.swift */; };
		AC286FCE251EA343007D18EA /* FavNavigationController.swift in Sources */ = {isa = PBXBuildFile; fileRef = AC286FCD251EA343007D18EA /* FavNavigationController.swift */; };
		AC286FD1251EA369007D18EA /* SearchNavigationController.swift in Sources */ = {isa = PBXBuildFile; fileRef = AC286FD0251EA369007D18EA /* SearchNavigationController.swift */; };
		AC286FD4251EA38D007D18EA /* ShopNavigationController.swift in Sources */ = {isa = PBXBuildFile; fileRef = AC286FD3251EA38D007D18EA /* ShopNavigationController.swift */; };
		AC286FDD251EACF8007D18EA /* RecipesTableViewController.swift in Sources */ = {isa = PBXBuildFile; fileRef = AC286FDC251EACF8007D18EA /* RecipesTableViewController.swift */; };
		AC2B52F92523CB7A008BD535 /* RecipeViewController.swift in Sources */ = {isa = PBXBuildFile; fileRef = AC2B52F82523CB79008BD535 /* RecipeViewController.swift */; };
		AC8A51662526776E00ED8D1C /* ShopViewCell.swift in Sources */ = {isa = PBXBuildFile; fileRef = AC8A51652526776E00ED8D1C /* ShopViewCell.swift */; };
		AC8A5173252B7F8C00ED8D1C /* RecipeViewCell.swift in Sources */ = {isa = PBXBuildFile; fileRef = AC8A5172252B7F8C00ED8D1C /* RecipeViewCell.swift */; };
/* End PBXBuildFile section */

/* Begin PBXCopyFilesBuildPhase section */
		AC2DB064254A0A2500101B27 /* Embed Frameworks */ = {
			isa = PBXCopyFilesBuildPhase;
			buildActionMask = 2147483647;
			dstPath = "";
			dstSubfolderSpec = 10;
			files = (
			);
			name = "Embed Frameworks";
			runOnlyForDeploymentPostprocessing = 0;
		};
/* End PBXCopyFilesBuildPhase section */

/* Begin PBXFileReference section */
		506F66C37C2244E20C7EC93E /* Pods-Recipe Book Angel.debug.xcconfig */ = {isa = PBXFileReference; includeInIndex = 1; lastKnownFileType = text.xcconfig; name = "Pods-Recipe Book Angel.debug.xcconfig"; path = "Target Support Files/Pods-Recipe Book Angel/Pods-Recipe Book Angel.debug.xcconfig"; sourceTree = "<group>"; };
		AC286F88251E6FBC007D18EA /* Recipe Book Angel.app */ = {isa = PBXFileReference; explicitFileType = wrapper.application; includeInIndex = 0; path = "Recipe Book Angel.app"; sourceTree = BUILT_PRODUCTS_DIR; };
		AC286F8B251E6FBC007D18EA /* AppDelegate.swift */ = {isa = PBXFileReference; lastKnownFileType = sourcecode.swift; path = AppDelegate.swift; sourceTree = "<group>"; };
		AC286F8D251E6FBC007D18EA /* SceneDelegate.swift */ = {isa = PBXFileReference; lastKnownFileType = sourcecode.swift; path = SceneDelegate.swift; sourceTree = "<group>"; };
		AC286F8F251E6FBC007D18EA /* ViewController.swift */ = {isa = PBXFileReference; lastKnownFileType = sourcecode.swift; path = ViewController.swift; sourceTree = "<group>"; };
		AC286F92251E6FBC007D18EA /* Base */ = {isa = PBXFileReference; lastKnownFileType = file.storyboard; name = Base; path = Base.lproj/Main.storyboard; sourceTree = "<group>"; };
		AC286F94251E6FBD007D18EA /* Assets.xcassets */ = {isa = PBXFileReference; lastKnownFileType = folder.assetcatalog; path = Assets.xcassets; sourceTree = "<group>"; };
		AC286F97251E6FBD007D18EA /* Base */ = {isa = PBXFileReference; lastKnownFileType = file.storyboard; name = Base; path = Base.lproj/LaunchScreen.storyboard; sourceTree = "<group>"; };
		AC286F99251E6FBD007D18EA /* Info.plist */ = {isa = PBXFileReference; lastKnownFileType = text.plist.xml; path = Info.plist; sourceTree = "<group>"; };
		AC286FA5251E7069007D18EA /* Model.swift */ = {isa = PBXFileReference; lastKnownFileType = sourcecode.swift; path = Model.swift; sourceTree = "<group>"; };
		AC286FA8251E7262007D18EA /* RecipesManager.swift */ = {isa = PBXFileReference; lastKnownFileType = sourcecode.swift; path = RecipesManager.swift; sourceTree = "<group>"; };
		AC286FB7251EA033007D18EA /* CategTableViewController.swift */ = {isa = PBXFileReference; lastKnownFileType = sourcecode.swift; path = CategTableViewController.swift; sourceTree = "<group>"; };
		AC286FBA251EA08C007D18EA /* FavTableViewController.swift */ = {isa = PBXFileReference; lastKnownFileType = sourcecode.swift; path = FavTableViewController.swift; sourceTree = "<group>"; };
		AC286FBD251EA0A7007D18EA /* SearchTableViewController.swift */ = {isa = PBXFileReference; lastKnownFileType = sourcecode.swift; path = SearchTableViewController.swift; sourceTree = "<group>"; };
		AC286FC0251EA0B3007D18EA /* ShopTableViewController.swift */ = {isa = PBXFileReference; lastKnownFileType = sourcecode.swift; path = ShopTableViewController.swift; sourceTree = "<group>"; };
		AC286FC3251EA225007D18EA /* TabBarController.swift */ = {isa = PBXFileReference; lastKnownFileType = sourcecode.swift; path = TabBarController.swift; sourceTree = "<group>"; };
		AC286FCA251EA323007D18EA /* CatNavigationController.swift */ = {isa = PBXFileReference; lastKnownFileType = sourcecode.swift; path = CatNavigationController.swift; sourceTree = "<group>"; };
		AC286FCD251EA343007D18EA /* FavNavigationController.swift */ = {isa = PBXFileReference; lastKnownFileType = sourcecode.swift; path = FavNavigationController.swift; sourceTree = "<group>"; };
		AC286FD0251EA369007D18EA /* SearchNavigationController.swift */ = {isa = PBXFileReference; lastKnownFileType = sourcecode.swift; path = SearchNavigationController.swift; sourceTree = "<group>"; };
		AC286FD3251EA38D007D18EA /* ShopNavigationController.swift */ = {isa = PBXFileReference; lastKnownFileType = sourcecode.swift; path = ShopNavigationController.swift; sourceTree = "<group>"; };
		AC286FDC251EACF8007D18EA /* RecipesTableViewController.swift */ = {isa = PBXFileReference; lastKnownFileType = sourcecode.swift; path = RecipesTableViewController.swift; sourceTree = "<group>"; };
		AC2B52F82523CB79008BD535 /* RecipeViewController.swift */ = {isa = PBXFileReference; lastKnownFileType = sourcecode.swift; path = RecipeViewController.swift; sourceTree = "<group>"; };
		AC8A51652526776E00ED8D1C /* ShopViewCell.swift */ = {isa = PBXFileReference; lastKnownFileType = sourcecode.swift; path = ShopViewCell.swift; sourceTree = "<group>"; };
		AC8A5172252B7F8C00ED8D1C /* RecipeViewCell.swift */ = {isa = PBXFileReference; lastKnownFileType = sourcecode.swift; path = RecipeViewCell.swift; sourceTree = "<group>"; };
		B000EE7EEE6609089DD5FCF4 /* Pods-Recipe Book Angel.release.xcconfig */ = {isa = PBXFileReference; includeInIndex = 1; lastKnownFileType = text.xcconfig; name = "Pods-Recipe Book Angel.release.xcconfig"; path = "Target Support Files/Pods-Recipe Book Angel/Pods-Recipe Book Angel.release.xcconfig"; sourceTree = "<group>"; };
		DA83327A252E5D6C24D7EFDE /* Pods_Recipe_Book_Angel.framework */ = {isa = PBXFileReference; explicitFileType = wrapper.framework; includeInIndex = 0; path = Pods_Recipe_Book_Angel.framework; sourceTree = BUILT_PRODUCTS_DIR; };
/* End PBXFileReference section */

/* Begin PBXFrameworksBuildPhase section */
		AC286F85251E6FBC007D18EA /* Frameworks */ = {
			isa = PBXFrameworksBuildPhase;
			buildActionMask = 2147483647;
			files = (
				3E14BDD4A2316BB23B8B50AE /* Pods_Recipe_Book_Angel.framework in Frameworks */,
			);
			runOnlyForDeploymentPostprocessing = 0;
		};
/* End PBXFrameworksBuildPhase section */

/* Begin PBXGroup section */
		587B1533D5587E5290F73C9D /* Frameworks */ = {
			isa = PBXGroup;
			children = (
				DA83327A252E5D6C24D7EFDE /* Pods_Recipe_Book_Angel.framework */,
			);
			name = Frameworks;
			sourceTree = "<group>";
		};
		AC286F7F251E6FBC007D18EA = {
			isa = PBXGroup;
			children = (
				AC286F8A251E6FBC007D18EA /* Recipe Book Angel */,
				AC286F89251E6FBC007D18EA /* Products */,
				E867B30908BDF85320C1E04C /* Pods */,
				587B1533D5587E5290F73C9D /* Frameworks */,
			);
			sourceTree = "<group>";
		};
		AC286F89251E6FBC007D18EA /* Products */ = {
			isa = PBXGroup;
			children = (
				AC286F88251E6FBC007D18EA /* Recipe Book Angel.app */,
			);
			name = Products;
			sourceTree = "<group>";
		};
		AC286F8A251E6FBC007D18EA /* Recipe Book Angel */ = {
			isa = PBXGroup;
			children = (
				AC286F8B251E6FBC007D18EA /* AppDelegate.swift */,
				AC286FA5251E7069007D18EA /* Model.swift */,
				AC286F8D251E6FBC007D18EA /* SceneDelegate.swift */,
				AC286FC3251EA225007D18EA /* TabBarController.swift */,
				AC286F8F251E6FBC007D18EA /* ViewController.swift */,
				AC2B52F82523CB79008BD535 /* RecipeViewController.swift */,
				AC8A516025265A4700ED8D1C /* Util */,
				ACDF17DB2526339100CBB00E /* NavController */,
				ACDF17DA2526336800CBB00E /* TableView */,
				AC286F91251E6FBC007D18EA /* Main.storyboard */,
				AC286F94251E6FBD007D18EA /* Assets.xcassets */,
				AC286F96251E6FBD007D18EA /* LaunchScreen.storyboard */,
				AC286F99251E6FBD007D18EA /* Info.plist */,
				ACDF17DC252639CA00CBB00E /* images */,
			);
			path = "Recipe Book Angel";
			sourceTree = "<group>";
		};
		AC8A516025265A4700ED8D1C /* Util */ = {
			isa = PBXGroup;
			children = (
				AC286FA8251E7262007D18EA /* RecipesManager.swift */,
				AC8A51652526776E00ED8D1C /* ShopViewCell.swift */,
				AC8A5172252B7F8C00ED8D1C /* RecipeViewCell.swift */,
			);
			path = Util;
			sourceTree = "<group>";
		};
		ACDF17DA2526336800CBB00E /* TableView */ = {
			isa = PBXGroup;
			children = (
				AC286FB7251EA033007D18EA /* CategTableViewController.swift */,
				AC286FDC251EACF8007D18EA /* RecipesTableViewController.swift */,
				AC286FBA251EA08C007D18EA /* FavTableViewController.swift */,
				AC286FBD251EA0A7007D18EA /* SearchTableViewController.swift */,
				AC286FC0251EA0B3007D18EA /* ShopTableViewController.swift */,
			);
			path = TableView;
			sourceTree = "<group>";
		};
		ACDF17DB2526339100CBB00E /* NavController */ = {
			isa = PBXGroup;
			children = (
				AC286FCA251EA323007D18EA /* CatNavigationController.swift */,
				AC286FCD251EA343007D18EA /* FavNavigationController.swift */,
				AC286FD0251EA369007D18EA /* SearchNavigationController.swift */,
				AC286FD3251EA38D007D18EA /* ShopNavigationController.swift */,
			);
			path = NavController;
			sourceTree = "<group>";
		};
		ACDF17DC252639CA00CBB00E /* images */ = {
			isa = PBXGroup;
			children = (
			);
			path = images;
			sourceTree = "<group>";
		};
		E867B30908BDF85320C1E04C /* Pods */ = {
			isa = PBXGroup;
			children = (
				506F66C37C2244E20C7EC93E /* Pods-Recipe Book Angel.debug.xcconfig */,
				B000EE7EEE6609089DD5FCF4 /* Pods-Recipe Book Angel.release.xcconfig */,
			);
			name = Pods;
			path = Pods;
			sourceTree = "<group>";
		};
/* End PBXGroup section */

/* Begin PBXNativeTarget section */
		AC286F87251E6FBC007D18EA /* Recipe Book Angel */ = {
			isa = PBXNativeTarget;
			buildConfigurationList = AC286F9C251E6FBD007D18EA /* Build configuration list for PBXNativeTarget "Recipe Book Angel" */;
			buildPhases = (
				0D10CCA5C2B54438FF478202 /* [CP] Check Pods Manifest.lock */,
				AC286F84251E6FBC007D18EA /* Sources */,
				AC286F85251E6FBC007D18EA /* Frameworks */,
				AC286F86251E6FBC007D18EA /* Resources */,
				AC2DB064254A0A2500101B27 /* Embed Frameworks */,
				99A53C9E5F9829A8837DF7F5 /* [CP] Embed Pods Frameworks */,
			);
			buildRules = (
			);
			dependencies = (
			);
			name = "Recipe Book Angel";
			productName = "Recipe Book Angel";
			productReference = AC286F88251E6FBC007D18EA /* Recipe Book Angel.app */;
			productType = "com.apple.product-type.application";
		};
/* End PBXNativeTarget section */

/* Begin PBXProject section */
		AC286F80251E6FBC007D18EA /* Project object */ = {
			isa = PBXProject;
			attributes = {
				LastSwiftUpdateCheck = 1200;
				LastUpgradeCheck = 1200;
				TargetAttributes = {
					AC286F87251E6FBC007D18EA = {
						CreatedOnToolsVersion = 12.0.1;
					};
				};
			};
			buildConfigurationList = AC286F83251E6FBC007D18EA /* Build configuration list for PBXProject "Recipe Book Angel" */;
			compatibilityVersion = "Xcode 9.3";
			developmentRegion = en;
			hasScannedForEncodings = 0;
			knownRegions = (
				en,
				Base,
			);
			mainGroup = AC286F7F251E6FBC007D18EA;
			productRefGroup = AC286F89251E6FBC007D18EA /* Products */;
			projectDirPath = "";
			projectRoot = "";
			targets = (
				AC286F87251E6FBC007D18EA /* Recipe Book Angel */,
			);
		};
/* End PBXProject section */

/* Begin PBXResourcesBuildPhase section */
		AC286F86251E6FBC007D18EA /* Resources */ = {
			isa = PBXResourcesBuildPhase;
			buildActionMask = 2147483647;
			files = (
				AC286F98251E6FBD007D18EA /* LaunchScreen.storyboard in Resources */,
				AC286F95251E6FBD007D18EA /* Assets.xcassets in Resources */,
				AC286F93251E6FBC007D18EA /* Main.storyboard in Resources */,
			);
			runOnlyForDeploymentPostprocessing = 0;
		};
/* End PBXResourcesBuildPhase section */

/* Begin PBXShellScriptBuildPhase section */
		0D10CCA5C2B54438FF478202 /* [CP] Check Pods Manifest.lock */ = {
			isa = PBXShellScriptBuildPhase;
			buildActionMask = 2147483647;
			files = (
			);
			inputFileListPaths = (
			);
			inputPaths = (
				"${PODS_PODFILE_DIR_PATH}/Podfile.lock",
				"${PODS_ROOT}/Manifest.lock",
			);
			name = "[CP] Check Pods Manifest.lock";
			outputFileListPaths = (
			);
			outputPaths = (
				"$(DERIVED_FILE_DIR)/Pods-Recipe Book Angel-checkManifestLockResult.txt",
			);
			runOnlyForDeploymentPostprocessing = 0;
			shellPath = /bin/sh;
			shellScript = "diff \"${PODS_PODFILE_DIR_PATH}/Podfile.lock\" \"${PODS_ROOT}/Manifest.lock\" > /dev/null\nif [ $? != 0 ] ; then\n    # print error to STDERR\n    echo \"error: The sandbox is not in sync with the Podfile.lock. Run 'pod install' or update your CocoaPods installation.\" >&2\n    exit 1\nfi\n# This output is used by Xcode 'outputs' to avoid re-running this script phase.\necho \"SUCCESS\" > \"${SCRIPT_OUTPUT_FILE_0}\"\n";
			showEnvVarsInLog = 0;
		};
		99A53C9E5F9829A8837DF7F5 /* [CP] Embed Pods Frameworks */ = {
			isa = PBXShellScriptBuildPhase;
			buildActionMask = 2147483647;
			files = (
			);
			inputFileListPaths = (
				"${PODS_ROOT}/Target Support Files/Pods-Recipe Book Angel/Pods-Recipe Book Angel-frameworks-${CONFIGURATION}-input-files.xcfilelist",
			);
			name = "[CP] Embed Pods Frameworks";
			outputFileListPaths = (
				"${PODS_ROOT}/Target Support Files/Pods-Recipe Book Angel/Pods-Recipe Book Angel-frameworks-${CONFIGURATION}-output-files.xcfilelist",
			);
			runOnlyForDeploymentPostprocessing = 0;
			shellPath = /bin/sh;
			shellScript = "\"${PODS_ROOT}/Target Support Files/Pods-Recipe Book Angel/Pods-Recipe Book Angel-frameworks.sh\"\n";
			showEnvVarsInLog = 0;
		};
/* End PBXShellScriptBuildPhase section */

/* Begin PBXSourcesBuildPhase section */
		AC286F84251E6FBC007D18EA /* Sources */ = {
			isa = PBXSourcesBuildPhase;
			buildActionMask = 2147483647;
			files = (
				AC286F90251E6FBC007D18EA /* ViewController.swift in Sources */,
				AC286F8C251E6FBC007D18EA /* AppDelegate.swift in Sources */,
				AC286FC1251EA0B3007D18EA /* ShopTableViewController.swift in Sources */,
				AC286FC4251EA225007D18EA /* TabBarController.swift in Sources */,
				AC286FDD251EACF8007D18EA /* RecipesTableViewController.swift in Sources */,
				AC286FBB251EA08C007D18EA /* FavTableViewController.swift in Sources */,
				AC8A51662526776E00ED8D1C /* ShopViewCell.swift in Sources */,
				AC286FCE251EA343007D18EA /* FavNavigationController.swift in Sources */,
				AC286FA9251E7262007D18EA /* RecipesManager.swift in Sources */,
				AC286FD4251EA38D007D18EA /* ShopNavigationController.swift in Sources */,
				AC8A5173252B7F8C00ED8D1C /* RecipeViewCell.swift in Sources */,
				AC286F8E251E6FBC007D18EA /* SceneDelegate.swift in Sources */,
				AC286FB8251EA033007D18EA /* CategTableViewController.swift in Sources */,
				AC286FA6251E7069007D18EA /* Model.swift in Sources */,
				AC2B52F92523CB7A008BD535 /* RecipeViewController.swift in Sources */,
				AC286FD1251EA369007D18EA /* SearchNavigationController.swift in Sources */,
				AC286FCB251EA323007D18EA /* CatNavigationController.swift in Sources */,
				AC286FBE251EA0A7007D18EA /* SearchTableViewController.swift in Sources */,
			);
			runOnlyForDeploymentPostprocessing = 0;
		};
/* End PBXSourcesBuildPhase section */

/* Begin PBXVariantGroup section */
		AC286F91251E6FBC007D18EA /* Main.storyboard */ = {
			isa = PBXVariantGroup;
			children = (
				AC286F92251E6FBC007D18EA /* Base */,
			);
			name = Main.storyboard;
			sourceTree = "<group>";
		};
		AC286F96251E6FBD007D18EA /* LaunchScreen.storyboard */ = {
			isa = PBXVariantGroup;
			children = (
				AC286F97251E6FBD007D18EA /* Base */,
			);
			name = LaunchScreen.storyboard;
			sourceTree = "<group>";
		};
/* End PBXVariantGroup section */

/* Begin XCBuildConfiguration section */
		AC286F9A251E6FBD007D18EA /* Debug */ = {
			isa = XCBuildConfiguration;
			buildSettings = {
				ALWAYS_SEARCH_USER_PATHS = NO;
				BUILD_LIBRARY_FOR_DISTRIBUTION = NO;
				CLANG_ANALYZER_NONNULL = YES;
				CLANG_ANALYZER_NUMBER_OBJECT_CONVERSION = YES_AGGRESSIVE;
				CLANG_CXX_LANGUAGE_STANDARD = "gnu++14";
				CLANG_CXX_LIBRARY = "libc++";
				CLANG_ENABLE_MODULES = YES;
				CLANG_ENABLE_OBJC_ARC = YES;
				CLANG_ENABLE_OBJC_WEAK = YES;
				CLANG_WARN_BLOCK_CAPTURE_AUTORELEASING = YES;
				CLANG_WARN_BOOL_CONVERSION = YES;
				CLANG_WARN_COMMA = YES;
				CLANG_WARN_CONSTANT_CONVERSION = YES;
				CLANG_WARN_DEPRECATED_OBJC_IMPLEMENTATIONS = YES;
				CLANG_WARN_DIRECT_OBJC_ISA_USAGE = YES_ERROR;
				CLANG_WARN_DOCUMENTATION_COMMENTS = YES;
				CLANG_WARN_EMPTY_BODY = YES;
				CLANG_WARN_ENUM_CONVERSION = YES;
				CLANG_WARN_INFINITE_RECURSION = YES;
				CLANG_WARN_INT_CONVERSION = YES;
				CLANG_WARN_NON_LITERAL_NULL_CONVERSION = YES;
				CLANG_WARN_OBJC_IMPLICIT_RETAIN_SELF = YES;
				CLANG_WARN_OBJC_LITERAL_CONVERSION = YES;
				CLANG_WARN_OBJC_ROOT_CLASS = YES_ERROR;
				CLANG_WARN_QUOTED_INCLUDE_IN_FRAMEWORK_HEADER = YES;
				CLANG_WARN_RANGE_LOOP_ANALYSIS = YES;
				CLANG_WARN_STRICT_PROTOTYPES = YES;
				CLANG_WARN_SUSPICIOUS_MOVE = YES;
				CLANG_WARN_UNGUARDED_AVAILABILITY = YES_AGGRESSIVE;
				CLANG_WARN_UNREACHABLE_CODE = YES;
				CLANG_WARN__DUPLICATE_METHOD_MATCH = YES;
				COPY_PHASE_STRIP = NO;
				DEBUG_INFORMATION_FORMAT = dwarf;
				ENABLE_STRICT_OBJC_MSGSEND = YES;
				ENABLE_TESTABILITY = YES;
				GCC_C_LANGUAGE_STANDARD = gnu11;
				GCC_DYNAMIC_NO_PIC = NO;
				GCC_NO_COMMON_BLOCKS = YES;
				GCC_OPTIMIZATION_LEVEL = 0;
				GCC_PREPROCESSOR_DEFINITIONS = (
					"DEBUG=1",
					"$(inherited)",
				);
				GCC_WARN_64_TO_32_BIT_CONVERSION = YES;
				GCC_WARN_ABOUT_RETURN_TYPE = YES_ERROR;
				GCC_WARN_UNDECLARED_SELECTOR = YES;
				GCC_WARN_UNINITIALIZED_AUTOS = YES_AGGRESSIVE;
				GCC_WARN_UNUSED_FUNCTION = YES;
				GCC_WARN_UNUSED_VARIABLE = YES;
				IPHONEOS_DEPLOYMENT_TARGET = 14.1;
				MTL_ENABLE_DEBUG_INFO = INCLUDE_SOURCE;
				MTL_FAST_MATH = YES;
				ONLY_ACTIVE_ARCH = YES;
				SDKROOT = iphoneos;
				SWIFT_ACTIVE_COMPILATION_CONDITIONS = DEBUG;
				SWIFT_OPTIMIZATION_LEVEL = "-Onone";
				SWIFT_VERSION = 5.0;
			};
			name = Debug;
		};
		AC286F9B251E6FBD007D18EA /* Release */ = {
			isa = XCBuildConfiguration;
			buildSettings = {
				ALWAYS_SEARCH_USER_PATHS = NO;
				BUILD_LIBRARY_FOR_DISTRIBUTION = NO;
				CLANG_ANALYZER_NONNULL = YES;
				CLANG_ANALYZER_NUMBER_OBJECT_CONVERSION = YES_AGGRESSIVE;
				CLANG_CXX_LANGUAGE_STANDARD = "gnu++14";
				CLANG_CXX_LIBRARY = "libc++";
				CLANG_ENABLE_MODULES = YES;
				CLANG_ENABLE_OBJC_ARC = YES;
				CLANG_ENABLE_OBJC_WEAK = YES;
				CLANG_WARN_BLOCK_CAPTURE_AUTORELEASING = YES;
				CLANG_WARN_BOOL_CONVERSION = YES;
				CLANG_WARN_COMMA = YES;
				CLANG_WARN_CONSTANT_CONVERSION = YES;
				CLANG_WARN_DEPRECATED_OBJC_IMPLEMENTATIONS = YES;
				CLANG_WARN_DIRECT_OBJC_ISA_USAGE = YES_ERROR;
				CLANG_WARN_DOCUMENTATION_COMMENTS = YES;
				CLANG_WARN_EMPTY_BODY = YES;
				CLANG_WARN_ENUM_CONVERSION = YES;
				CLANG_WARN_INFINITE_RECURSION = YES;
				CLANG_WARN_INT_CONVERSION = YES;
				CLANG_WARN_NON_LITERAL_NULL_CONVERSION = YES;
				CLANG_WARN_OBJC_IMPLICIT_RETAIN_SELF = YES;
				CLANG_WARN_OBJC_LITERAL_CONVERSION = YES;
				CLANG_WARN_OBJC_ROOT_CLASS = YES_ERROR;
				CLANG_WARN_QUOTED_INCLUDE_IN_FRAMEWORK_HEADER = YES;
				CLANG_WARN_RANGE_LOOP_ANALYSIS = YES;
				CLANG_WARN_STRICT_PROTOTYPES = YES;
				CLANG_WARN_SUSPICIOUS_MOVE = YES;
				CLANG_WARN_UNGUARDED_AVAILABILITY = YES_AGGRESSIVE;
				CLANG_WARN_UNREACHABLE_CODE = YES;
				CLANG_WARN__DUPLICATE_METHOD_MATCH = YES;
				COPY_PHASE_STRIP = NO;
				DEBUG_INFORMATION_FORMAT = "dwarf-with-dsym";
				ENABLE_NS_ASSERTIONS = NO;
				ENABLE_STRICT_OBJC_MSGSEND = YES;
				GCC_C_LANGUAGE_STANDARD = gnu11;
				GCC_NO_COMMON_BLOCKS = YES;
				GCC_WARN_64_TO_32_BIT_CONVERSION = YES;
				GCC_WARN_ABOUT_RETURN_TYPE = YES_ERROR;
				GCC_WARN_UNDECLARED_SELECTOR = YES;
				GCC_WARN_UNINITIALIZED_AUTOS = YES_AGGRESSIVE;
				GCC_WARN_UNUSED_FUNCTION = YES;
				GCC_WARN_UNUSED_VARIABLE = YES;
				IPHONEOS_DEPLOYMENT_TARGET = 14.1;
				MTL_ENABLE_DEBUG_INFO = NO;
				MTL_FAST_MATH = YES;
				SDKROOT = iphoneos;
				SWIFT_COMPILATION_MODE = wholemodule;
				SWIFT_OPTIMIZATION_LEVEL = "-O";
				SWIFT_VERSION = 5.0;
				VALIDATE_PRODUCT = YES;
			};
			name = Release;
		};
		AC286F9D251E6FBD007D18EA /* Debug */ = {
			isa = XCBuildConfiguration;
			baseConfigurationReference = 506F66C37C2244E20C7EC93E /* Pods-Recipe Book Angel.debug.xcconfig */;
			buildSettings = {
				ASSETCATALOG_COMPILER_APPICON_NAME = AppIcon;
				ASSETCATALOG_COMPILER_GLOBAL_ACCENT_COLOR_NAME = AccentColor;
				BUILD_LIBRARY_FOR_DISTRIBUTION = NO;
				CODE_SIGN_STYLE = Automatic;
				DEVELOPMENT_TEAM = WYSZ8LM3RP;
				FRAMEWORK_SEARCH_PATHS = (
					"$(inherited)",
					"$(PROJECT_DIR)",
				);
				INFOPLIST_FILE = "Recipe Book Angel/Info.plist";
				IPHONEOS_DEPLOYMENT_TARGET = 14.1;
				LD_RUNPATH_SEARCH_PATHS = (
					"$(inherited)",
					"@executable_path/Frameworks",
				);
				PRODUCT_BUNDLE_IDENTIFIER = "com.alexfaissal.RecipeBookAngel.Recipe-Book-Angel";
				PRODUCT_NAME = "$(TARGET_NAME)";
				SWIFT_VERSION = 5.0;
				TARGETED_DEVICE_FAMILY = 1;
			};
			name = Debug;
		};
		AC286F9E251E6FBD007D18EA /* Release */ = {
			isa = XCBuildConfiguration;
			baseConfigurationReference = B000EE7EEE6609089DD5FCF4 /* Pods-Recipe Book Angel.release.xcconfig */;
			buildSettings = {
				ASSETCATALOG_COMPILER_APPICON_NAME = AppIcon;
				ASSETCATALOG_COMPILER_GLOBAL_ACCENT_COLOR_NAME = AccentColor;
				BUILD_LIBRARY_FOR_DISTRIBUTION = NO;
				CODE_SIGN_STYLE = Automatic;
				DEVELOPMENT_TEAM = WYSZ8LM3RP;
				FRAMEWORK_SEARCH_PATHS = (
					"$(inherited)",
					"$(PROJECT_DIR)",
				);
				INFOPLIST_FILE = "Recipe Book Angel/Info.plist";
				IPHONEOS_DEPLOYMENT_TARGET = 14.1;
				LD_RUNPATH_SEARCH_PATHS = (
					"$(inherited)",
					"@executable_path/Frameworks",
				);
				PRODUCT_BUNDLE_IDENTIFIER = "com.alexfaissal.RecipeBookAngel.Recipe-Book-Angel";
				PRODUCT_NAME = "$(TARGET_NAME)";
				SWIFT_VERSION = 5.0;
				TARGETED_DEVICE_FAMILY = 1;
			};
			name = Release;
		};
/* End XCBuildConfiguration section */

/* Begin XCConfigurationList section */
		AC286F83251E6FBC007D18EA /* Build configuration list for PBXProject "Recipe Book Angel" */ = {
			isa = XCConfigurationList;
			buildConfigurations = (
				AC286F9A251E6FBD007D18EA /* Debug */,
				AC286F9B251E6FBD007D18EA /* Release */,
			);
			defaultConfigurationIsVisible = 0;
			defaultConfigurationName = Release;
		};
		AC286F9C251E6FBD007D18EA /* Build configuration list for PBXNativeTarget "Recipe Book Angel" */ = {
			isa = XCConfigurationList;
			buildConfigurations = (
				AC286F9D251E6FBD007D18EA /* Debug */,
				AC286F9E251E6FBD007D18EA /* Release */,
			);
			defaultConfigurationIsVisible = 0;
			defaultConfigurationName = Release;
		};
/* End XCConfigurationList section */
	};
	rootObject = AC286F80251E6FBC007D18EA /* Project object */;
}
